
Microsoft Visual Studio Solution File, Format Version 12.00
# Visual Studio Version 16
VisualStudioVersion = 16.0.31613.86
MinimumVisualStudioVersion = 10.0.40219.1
Project("{9A19103F-16F7-4668-BE54-9A1E7A4F7556}") = "hide message to image", "yeni yöntem\hide message to image.csproj", "{089566E5-1921-49E7-87B6-7EFE8B5BB8CB}"
EndProject
Global
	GlobalSection(SolutionConfigurationPlatforms) = preSolution
		Debug|Any CPU = Debug|Any CPU
		Release|Any CPU = Release|Any CPU
	EndGlobalSection
	GlobalSection(ProjectConfigurationPlatforms) = postSolution
		{089566E5-1921-49E7-87B6-7EFE8B5BB8CB}.Debug|Any CPU.ActiveCfg = Debug|Any CPU
		{089566E5-1921-49E7-87B6-7EFE8B5BB8CB}.Debug|Any CPU.Build.0 = Debug|Any CPU
		{089566E5-1921-49E7-87B6-7EFE8B5BB8CB}.Release|Any CPU.ActiveCfg = Release|Any CPU
		{089566E5-1921-49E7-87B6-7EFE8B5BB8CB}.Release|Any CPU.Build.0 = Release|Any CPU
	EndGlobalSection
	GlobalSection(SolutionProperties) = preSolution
		HideSolutionNode = FALSE
	EndGlobalSection
	GlobalSection(ExtensibilityGlobals) = postSolution
		SolutionGuid = {E188826E-B5A4-4F39-89D6-CBD5A9222716}
	EndGlobalSection
EndGlobal
